# This file is generated by running "yarn install" inside your project.
# Manual changes might be lost - proceed with caution!

__metadata:
  version: 8
  cacheKey: 10c0

"@arrows/array@npm:^1.4.1":
  version: 1.4.1
  resolution: "@arrows/array@npm:1.4.1"
  dependencies:
    "@arrows/composition": "npm:^1.2.2"
  checksum: 10c0/8516a08df3dca85e62386bd25366df368ccaf74b3d0812865850ef20b02f04adf7a9948fa0bdab7251ca7e9cb88a2f65663267dc3f315ec7cce3d18171fe305d
  languageName: node
  linkType: hard

"@arrows/composition@npm:^1.0.0, @arrows/composition@npm:^1.2.2":
  version: 1.2.2
  resolution: "@arrows/composition@npm:1.2.2"
  checksum: 10c0/d8b07682b2f6cba12a8d8e1bec0457acc6456683c2f1fa7377680be11990377a4c089eb7c5bb597c90a25754a2237ad6bba5a41f21924d247c9702cc994df87c
  languageName: node
  linkType: hard

"@arrows/dispatch@npm:^1.0.2":
  version: 1.0.3
  resolution: "@arrows/dispatch@npm:1.0.3"
  dependencies:
    "@arrows/composition": "npm:^1.2.2"
  checksum: 10c0/302c63727cd78f8227409a0c70daa7869f4690c2803bbbd730f5c87cb2e636bbc74cf5cc1d2037dad8994ca19c69a3763088dddd15e1d729e1dd1c72c6b63015
  languageName: node
  linkType: hard

"@arrows/error@npm:^1.0.2":
  version: 1.0.2
  resolution: "@arrows/error@npm:1.0.2"
  checksum: 10c0/b8e003d8f9b4743a3dafc61985706cc59678d8d2f125ce250821284cac33eea3f877dc0a3626b196f48863b55da9f0917dad48929e9350c2459176131c8dee26
  languageName: node
  linkType: hard

"@arrows/multimethod@npm:^1.1.6":
  version: 1.4.1
  resolution: "@arrows/multimethod@npm:1.4.1"
  dependencies:
    "@arrows/array": "npm:^1.4.1"
    "@arrows/composition": "npm:^1.2.2"
    "@arrows/error": "npm:^1.0.2"
    fast-deep-equal: "npm:^3.1.3"
  checksum: 10c0/760bc4781cc66531990eb8dfbb40ef48b7b21be832dce272dad2a2cc0a7d200e45e816ae3ebba3e9daa2e2bd6498413994c6d3cd5c088e34673b37d93609df3c
  languageName: node
  linkType: hard

"@bcoe/v8-coverage@npm:^1.0.1":
  version: 1.0.2
  resolution: "@bcoe/v8-coverage@npm:1.0.2"
  checksum: 10c0/1eb1dc93cc17fb7abdcef21a6e7b867d6aa99a7ec88ec8207402b23d9083ab22a8011213f04b2cf26d535f1d22dc26139b7929e6c2134c254bd1e14ba5e678c3
  languageName: node
  linkType: hard

"@chachalog/types@npm:^0.3.0":
  version: 0.3.0
  resolution: "@chachalog/types@npm:0.3.0"
  checksum: 10c0/91a18060a43a024d346eff2e9171896d1bb9b40323108cd9742247c9d2c04d656ccd3eacbd1025f61bc8d7899a788f4e0152dc4780dde74609c9caffe5a89dd4
  languageName: node
  linkType: hard

"@cspotcode/source-map-support@npm:^0.8.0":
  version: 0.8.1
  resolution: "@cspotcode/source-map-support@npm:0.8.1"
  dependencies:
    "@jridgewell/trace-mapping": "npm:0.3.9"
  checksum: 10c0/05c5368c13b662ee4c122c7bfbe5dc0b613416672a829f3e78bc49a357a197e0218d6e74e7c66cfcd04e15a179acab080bd3c69658c9fbefd0e1ccd950a07fc6
  languageName: node
  linkType: hard

"@gauben/packages@workspace:.":
  version: 0.0.0-use.local
  resolution: "@gauben/packages@workspace:."
  dependencies:
    "@chachalog/types": "npm:^0.3.0"
  languageName: unknown
  linkType: soft

"@isaacs/cliui@npm:^8.0.2":
  version: 8.0.2
  resolution: "@isaacs/cliui@npm:8.0.2"
  dependencies:
    string-width: "npm:^5.1.2"
    string-width-cjs: "npm:string-width@^4.2.0"
    strip-ansi: "npm:^7.0.1"
    strip-ansi-cjs: "npm:strip-ansi@^6.0.1"
    wrap-ansi: "npm:^8.1.0"
    wrap-ansi-cjs: "npm:wrap-ansi@^7.0.0"
  checksum: 10c0/b1bf42535d49f11dc137f18d5e4e63a28c5569de438a221c369483731e9dac9fb797af554e8bf02b6192d1e5eba6e6402cf93900c3d0ac86391d00d04876789e
  languageName: node
  linkType: hard

"@istanbuljs/schema@npm:^0.1.2, @istanbuljs/schema@npm:^0.1.3":
  version: 0.1.3
  resolution: "@istanbuljs/schema@npm:0.1.3"
  checksum: 10c0/61c5286771676c9ca3eb2bd8a7310a9c063fb6e0e9712225c8471c582d157392c88f5353581c8c9adbe0dff98892317d2fdfc56c3499aa42e0194405206a963a
  languageName: node
  linkType: hard

"@jridgewell/resolve-uri@npm:^3.0.3":
  version: 3.1.0
  resolution: "@jridgewell/resolve-uri@npm:3.1.0"
  checksum: 10c0/78055e2526108331126366572045355051a930f017d1904a4f753d3f4acee8d92a14854948095626f6163cffc24ea4e3efa30637417bb866b84743dec7ef6fd9
  languageName: node
  linkType: hard

"@jridgewell/sourcemap-codec@npm:^1.4.10":
  version: 1.4.14
  resolution: "@jridgewell/sourcemap-codec@npm:1.4.14"
  checksum: 10c0/3fbaff1387c1338b097eeb6ff92890d7838f7de0dde259e4983763b44540bfd5ca6a1f7644dc8ad003a57f7e80670d5b96a8402f1386ba9aee074743ae9bad51
  languageName: node
  linkType: hard

"@jridgewell/trace-mapping@npm:0.3.9":
  version: 0.3.9
  resolution: "@jridgewell/trace-mapping@npm:0.3.9"
  dependencies:
    "@jridgewell/resolve-uri": "npm:^3.0.3"
    "@jridgewell/sourcemap-codec": "npm:^1.4.10"
  checksum: 10c0/fa425b606d7c7ee5bfa6a31a7b050dd5814b4082f318e0e4190f991902181b4330f43f4805db1dd4f2433fd0ed9cc7a7b9c2683f1deeab1df1b0a98b1e24055b
  languageName: node
  linkType: hard

"@jridgewell/trace-mapping@npm:^0.3.12":
  version: 0.3.14
  resolution: "@jridgewell/trace-mapping@npm:0.3.14"
  dependencies:
    "@jridgewell/resolve-uri": "npm:^3.0.3"
    "@jridgewell/sourcemap-codec": "npm:^1.4.10"
  checksum: 10c0/54824bf17cc25b741c434f24ded7bcc5a2fd1f67da009829266eb2eb04152883f5f13e0e6ca0392e59a2bb7db4fe2930e105c9488827a2b78c78eb6253c3c9d1
  languageName: node
  linkType: hard

"@pkgjs/parseargs@npm:^0.11.0":
  version: 0.11.0
  resolution: "@pkgjs/parseargs@npm:0.11.0"
  checksum: 10c0/5bd7576bb1b38a47a7fc7b51ac9f38748e772beebc56200450c4a817d712232b8f1d3ef70532c80840243c657d491cf6a6be1e3a214cff907645819fdc34aadd
  languageName: node
  linkType: hard

"@tannin/compile@npm:^1.1.0":
  version: 1.1.0
  resolution: "@tannin/compile@npm:1.1.0"
  dependencies:
    "@tannin/evaluate": "npm:^1.2.0"
    "@tannin/postfix": "npm:^1.1.0"
  checksum: 10c0/3dddaad1a3e152439ee595d53d309e4cd9c84bfc3e7afbecdbb8ab064337f4da56d2cc999c62588f189bbe4841d22a487070ba240a321287aab46223d6080f5d
  languageName: node
  linkType: hard

"@tannin/evaluate@npm:^1.2.0":
  version: 1.2.0
  resolution: "@tannin/evaluate@npm:1.2.0"
  checksum: 10c0/233116c3b55f06844a5d49b7fe3575c4e8bf29287a3d8b3729a46f9b000daa8f7826e4e8c8c220064ddcb16276d4d7ce12113115d8015533d93e5b52148b3a68
  languageName: node
  linkType: hard

"@tannin/plural-forms@npm:^1.1.0":
  version: 1.1.0
  resolution: "@tannin/plural-forms@npm:1.1.0"
  dependencies:
    "@tannin/compile": "npm:^1.1.0"
  checksum: 10c0/bf318832e37c0f3b0cf9d25f962b78ded9a2c42b0fb2c23139531094a2b3c69c043e2f76bdfb2c386b8436d3d209ff17578b8c4f5566f27f1542135154a218f8
  languageName: node
  linkType: hard

"@tannin/postfix@npm:^1.1.0":
  version: 1.1.0
  resolution: "@tannin/postfix@npm:1.1.0"
  checksum: 10c0/5a433b3ac9f30534c1e82c218d8f6558d960ebf822ad44dfcd6d7adad88d9800382de86913c5bcbe38c03252dc75ef233762036e0ac3a428e1a14df6bc8c6120
  languageName: node
  linkType: hard

"@tsconfig/node10@npm:^1.0.7":
  version: 1.0.9
  resolution: "@tsconfig/node10@npm:1.0.9"
  checksum: 10c0/c176a2c1e1b16be120c328300ea910df15fb9a5277010116d26818272341a11483c5a80059389d04edacf6fd2d03d4687ad3660870fdd1cc0b7109e160adb220
  languageName: node
  linkType: hard

"@tsconfig/node12@npm:^1.0.7":
  version: 1.0.11
  resolution: "@tsconfig/node12@npm:1.0.11"
  checksum: 10c0/dddca2b553e2bee1308a056705103fc8304e42bb2d2cbd797b84403a223b25c78f2c683ec3e24a095e82cd435387c877239bffcb15a590ba817cd3f6b9a99fd9
  languageName: node
  linkType: hard

"@tsconfig/node14@npm:^1.0.0":
  version: 1.0.3
  resolution: "@tsconfig/node14@npm:1.0.3"
  checksum: 10c0/67c1316d065fdaa32525bc9449ff82c197c4c19092b9663b23213c8cbbf8d88b6ed6a17898e0cbc2711950fbfaf40388938c1c748a2ee89f7234fc9e7fe2bf44
  languageName: node
  linkType: hard

"@tsconfig/node16@npm:^1.0.2":
  version: 1.0.3
  resolution: "@tsconfig/node16@npm:1.0.3"
  checksum: 10c0/451a0d4b2bc35c2cdb30a49b6c699d797b8bbac99b883237659698678076d4193050d90e2ee36016ccbca57075cdb073cadab38cedc45119bac68ab331958cbc
  languageName: node
  linkType: hard

"@types/istanbul-lib-coverage@npm:^2.0.1":
  version: 2.0.4
  resolution: "@types/istanbul-lib-coverage@npm:2.0.4"
  checksum: 10c0/af5f6b64e788331ed3f7b2e2613cb6ca659c58b8500be94bbda8c995ad3da9216c006f1cfe6f66b321c39392b1bda18b16e63cef090a77d24a00b4bd5ba3b018
  languageName: node
  linkType: hard

"@types/node@npm:^22.13.10":
  version: 22.13.10
  resolution: "@types/node@npm:22.13.10"
  dependencies:
    undici-types: "npm:~6.20.0"
  checksum: 10c0/a3865f9503d6f718002374f7b87efaadfae62faa499c1a33b12c527cfb9fd86f733e1a1b026b80c5a0e4a965701174bc3305595a7d36078aa1abcf09daa5dee9
  languageName: node
  linkType: hard

"acorn-walk@npm:^8.1.1":
  version: 8.2.0
  resolution: "acorn-walk@npm:8.2.0"
  checksum: 10c0/dbe92f5b2452c93e960c5594e666dd1fae141b965ff2cb4a1e1d0381e3e4db4274c5ce4ffa3d681a86ca2a8d4e29d5efc0670a08e23fd2800051ea387df56ca2
  languageName: node
  linkType: hard

"acorn@npm:^8.4.1":
  version: 8.8.0
  resolution: "acorn@npm:8.8.0"
  bin:
    acorn: bin/acorn
  checksum: 10c0/5efce4f59554e0ab766f32932cba34b86cc2ecdf24fcd27463beff41d8a1b1b9575c21f92c1b9f7f82b93374a9d5aed33c91f93e2d0cb1bdf3f1e06ec131e816
  languageName: node
  linkType: hard

"ansi-escapes@npm:^4.3.0":
  version: 4.3.2
  resolution: "ansi-escapes@npm:4.3.2"
  dependencies:
    type-fest: "npm:^0.21.3"
  checksum: 10c0/da917be01871525a3dfcf925ae2977bc59e8c513d4423368645634bf5d4ceba5401574eb705c1e92b79f7292af5a656f78c5725a4b0e1cec97c4b413705c1d50
  languageName: node
  linkType: hard

"ansi-regex@npm:^5.0.1":
  version: 5.0.1
  resolution: "ansi-regex@npm:5.0.1"
  checksum: 10c0/9a64bb8627b434ba9327b60c027742e5d17ac69277960d041898596271d992d4d52ba7267a63ca10232e29f6107fc8a835f6ce8d719b88c5f8493f8254813737
  languageName: node
  linkType: hard

"ansi-regex@npm:^6.0.1":
  version: 6.1.0
  resolution: "ansi-regex@npm:6.1.0"
  checksum: 10c0/a91daeddd54746338478eef88af3439a7edf30f8e23196e2d6ed182da9add559c601266dbef01c2efa46a958ad6f1f8b176799657616c702b5b02e799e7fd8dc
  languageName: node
  linkType: hard

"ansi-styles@npm:^4.0.0":
  version: 4.3.0
  resolution: "ansi-styles@npm:4.3.0"
  dependencies:
    color-convert: "npm:^2.0.1"
  checksum: 10c0/895a23929da416f2bd3de7e9cb4eabd340949328ab85ddd6e484a637d8f6820d485f53933446f5291c3b760cbc488beb8e88573dd0f9c7daf83dccc8fe81b041
  languageName: node
  linkType: hard

"ansi-styles@npm:^6.1.0":
  version: 6.2.1
  resolution: "ansi-styles@npm:6.2.1"
  checksum: 10c0/5d1ec38c123984bcedd996eac680d548f31828bd679a66db2bdf11844634dde55fec3efa9c6bb1d89056a5e79c1ac540c4c784d592ea1d25028a92227d2f2d5c
  languageName: node
  linkType: hard

"arg@npm:^4.1.0":
  version: 4.1.3
  resolution: "arg@npm:4.1.3"
  checksum: 10c0/070ff801a9d236a6caa647507bdcc7034530604844d64408149a26b9e87c2f97650055c0f049abd1efc024b334635c01f29e0b632b371ac3f26130f4cf65997a
  languageName: node
  linkType: hard

"astral-regex@npm:^2.0.0":
  version: 2.0.0
  resolution: "astral-regex@npm:2.0.0"
  checksum: 10c0/f63d439cc383db1b9c5c6080d1e240bd14dae745f15d11ec5da863e182bbeca70df6c8191cffef5deba0b566ef98834610a68be79ac6379c95eeb26e1b310e25
  languageName: node
  linkType: hard

"balanced-match@npm:^1.0.0":
  version: 1.0.2
  resolution: "balanced-match@npm:1.0.2"
  checksum: 10c0/9308baf0a7e4838a82bbfd11e01b1cb0f0cf2893bc1676c27c2a8c0e70cbae1c59120c3268517a8ae7fb6376b4639ef81ca22582611dbee4ed28df945134aaee
  languageName: node
  linkType: hard

"benchmark@npm:^2.1.4":
  version: 2.1.4
  resolution: "benchmark@npm:2.1.4"
  dependencies:
    lodash: "npm:^4.17.4"
    platform: "npm:^1.3.3"
  checksum: 10c0/510224c01f7578e9aa60cef67ec3dd8f84ac6670007bcc96285f87865375122aca0853ab4e542cc80cfeeed436356dfdd63bb66cb5e72365abb912685b2139be
  languageName: node
  linkType: hard

"benny@npm:^3.7.1":
  version: 3.7.1
  resolution: "benny@npm:3.7.1"
  dependencies:
    "@arrows/composition": "npm:^1.0.0"
    "@arrows/dispatch": "npm:^1.0.2"
    "@arrows/multimethod": "npm:^1.1.6"
    benchmark: "npm:^2.1.4"
    common-tags: "npm:^1.8.0"
    fs-extra: "npm:^10.0.0"
    json2csv: "npm:^5.0.6"
    kleur: "npm:^4.1.4"
    log-update: "npm:^4.0.0"
  checksum: 10c0/3f731a58aa5d7483f0cce69bd62f9db0589c0f86e677669397a64ad56e85a307e340e9a957b19da51feab8ddb3082039b6bfa71fefd00a4b195a11420a8c9b03
  languageName: node
  linkType: hard

"brace-expansion@npm:^2.0.1":
  version: 2.0.1
  resolution: "brace-expansion@npm:2.0.1"
  dependencies:
    balanced-match: "npm:^1.0.0"
  checksum: 10c0/b358f2fe060e2d7a87aa015979ecea07f3c37d4018f8d6deb5bd4c229ad3a0384fe6029bb76cd8be63c81e516ee52d1a0673edbe2023d53a5191732ae3c3e49f
  languageName: node
  linkType: hard

"c8@npm:^10.1.3":
  version: 10.1.3
  resolution: "c8@npm:10.1.3"
  dependencies:
    "@bcoe/v8-coverage": "npm:^1.0.1"
    "@istanbuljs/schema": "npm:^0.1.3"
    find-up: "npm:^5.0.0"
    foreground-child: "npm:^3.1.1"
    istanbul-lib-coverage: "npm:^3.2.0"
    istanbul-lib-report: "npm:^3.0.1"
    istanbul-reports: "npm:^3.1.6"
    test-exclude: "npm:^7.0.1"
    v8-to-istanbul: "npm:^9.0.0"
    yargs: "npm:^17.7.2"
    yargs-parser: "npm:^21.1.1"
  peerDependencies:
    monocart-coverage-reports: ^2
  peerDependenciesMeta:
    monocart-coverage-reports:
      optional: true
  bin:
    c8: bin/c8.js
  checksum: 10c0/1265ddbcb0e624fe200978e9263faf948cb9694ce8e6b858adbb14f1186de2e6c451aa4aabb821e9eb7f1972859e14691eaf2ff12ad96be7a3fc0e39946fc569
  languageName: node
  linkType: hard

"cli-cursor@npm:^3.1.0":
  version: 3.1.0
  resolution: "cli-cursor@npm:3.1.0"
  dependencies:
    restore-cursor: "npm:^3.1.0"
  checksum: 10c0/92a2f98ff9037d09be3dfe1f0d749664797fb674bf388375a2207a1203b69d41847abf16434203e0089212479e47a358b13a0222ab9fccfe8e2644a7ccebd111
  languageName: node
  linkType: hard

"cliui@npm:^8.0.1":
  version: 8.0.1
  resolution: "cliui@npm:8.0.1"
  dependencies:
    string-width: "npm:^4.2.0"
    strip-ansi: "npm:^6.0.1"
    wrap-ansi: "npm:^7.0.0"
  checksum: 10c0/4bda0f09c340cbb6dfdc1ed508b3ca080f12992c18d68c6be4d9cf51756033d5266e61ec57529e610dacbf4da1c634423b0c1b11037709cc6b09045cbd815df5
  languageName: node
  linkType: hard

"color-convert@npm:^2.0.1":
  version: 2.0.1
  resolution: "color-convert@npm:2.0.1"
  dependencies:
    color-name: "npm:~1.1.4"
  checksum: 10c0/37e1150172f2e311fe1b2df62c6293a342ee7380da7b9cfdba67ea539909afbd74da27033208d01d6d5cfc65ee7868a22e18d7e7648e004425441c0f8a15a7d7
  languageName: node
  linkType: hard

"color-name@npm:~1.1.4":
  version: 1.1.4
  resolution: "color-name@npm:1.1.4"
  checksum: 10c0/a1a3f914156960902f46f7f56bc62effc6c94e84b2cae157a526b1c1f74b677a47ec602bf68a61abfa2b42d15b7c5651c6dbe72a43af720bc588dff885b10f95
  languageName: node
  linkType: hard

"commander@npm:^6.1.0":
  version: 6.2.1
  resolution: "commander@npm:6.2.1"
  checksum: 10c0/85748abd9d18c8bc88febed58b98f66b7c591d9b5017cad459565761d7b29ca13b7783ea2ee5ce84bf235897333706c4ce29adf1ce15c8252780e7000e2ce9ea
  languageName: node
  linkType: hard

"common-tags@npm:^1.8.0":
  version: 1.8.2
  resolution: "common-tags@npm:1.8.2"
  checksum: 10c0/23efe47ff0a1a7c91489271b3a1e1d2a171c12ec7f9b35b29b2fce51270124aff0ec890087e2bc2182c1cb746e232ab7561aaafe05f1e7452aea733d2bfe3f63
  languageName: node
  linkType: hard

"convert-source-map@npm:^1.6.0":
  version: 1.8.0
  resolution: "convert-source-map@npm:1.8.0"
  dependencies:
    safe-buffer: "npm:~5.1.1"
  checksum: 10c0/da4649990b633c070c0dab1680b89a67b9315dd2b1168d143536f667214c97e4eb4a49e5b7ff912f0196fe303e31fc16a529457436d25b2b5a89613eaf4f27fa
  languageName: node
  linkType: hard

"create-require@npm:^1.1.0":
  version: 1.1.1
  resolution: "create-require@npm:1.1.1"
  checksum: 10c0/157cbc59b2430ae9a90034a5f3a1b398b6738bf510f713edc4d4e45e169bc514d3d99dd34d8d01ca7ae7830b5b8b537e46ae8f3c8f932371b0875c0151d7ec91
  languageName: node
  linkType: hard

"cross-spawn@npm:^7.0.0":
  version: 7.0.3
  resolution: "cross-spawn@npm:7.0.3"
  dependencies:
    path-key: "npm:^3.1.0"
    shebang-command: "npm:^2.0.0"
    which: "npm:^2.0.1"
  checksum: 10c0/5738c312387081c98d69c98e105b6327b069197f864a60593245d64c8089c8a0a744e16349281210d56835bb9274130d825a78b2ad6853ca13cfbeffc0c31750
  languageName: node
  linkType: hard

"dichotomid@workspace:packages/dichotomid":
  version: 0.0.0-use.local
  resolution: "dichotomid@workspace:packages/dichotomid"
  dependencies:
    "@types/node": "npm:^22.13.10"
    typescript: "npm:^5.8.2"
  languageName: unknown
  linkType: soft

"diff@npm:^4.0.1":
  version: 4.0.2
  resolution: "diff@npm:4.0.2"
  checksum: 10c0/81b91f9d39c4eaca068eb0c1eb0e4afbdc5bb2941d197f513dd596b820b956fef43485876226d65d497bebc15666aa2aa82c679e84f65d5f2bfbf14ee46e32c1
  languageName: node
  linkType: hard

"eastasianwidth@npm:^0.2.0":
  version: 0.2.0
  resolution: "eastasianwidth@npm:0.2.0"
  checksum: 10c0/26f364ebcdb6395f95124fda411f63137a4bfb5d3a06453f7f23dfe52502905bd84e0488172e0f9ec295fdc45f05c23d5d91baf16bd26f0fe9acd777a188dc39
  languageName: node
  linkType: hard

"emoji-regex@npm:^8.0.0":
  version: 8.0.0
  resolution: "emoji-regex@npm:8.0.0"
  checksum: 10c0/b6053ad39951c4cf338f9092d7bfba448cdfd46fe6a2a034700b149ac9ffbc137e361cbd3c442297f86bed2e5f7576c1b54cc0a6bf8ef5106cc62f496af35010
  languageName: node
  linkType: hard

"emoji-regex@npm:^9.2.2":
  version: 9.2.2
  resolution: "emoji-regex@npm:9.2.2"
  checksum: 10c0/af014e759a72064cf66e6e694a7fc6b0ed3d8db680427b021a89727689671cefe9d04151b2cad51dbaf85d5ba790d061cd167f1cf32eb7b281f6368b3c181639
  languageName: node
  linkType: hard

"escalade@npm:^3.1.1":
  version: 3.1.1
  resolution: "escalade@npm:3.1.1"
  checksum: 10c0/afd02e6ca91ffa813e1108b5e7756566173d6bc0d1eb951cb44d6b21702ec17c1cf116cfe75d4a2b02e05acb0b808a7a9387d0d1ca5cf9c04ad03a8445c3e46d
  languageName: node
  linkType: hard

"fast-deep-equal@npm:^3.1.3":
  version: 3.1.3
  resolution: "fast-deep-equal@npm:3.1.3"
  checksum: 10c0/40dedc862eb8992c54579c66d914635afbec43350afbbe991235fdcb4e3a8d5af1b23ae7e79bef7d4882d0ecee06c3197488026998fb19f72dc95acff1d1b1d0
  languageName: node
  linkType: hard

"find-up@npm:^5.0.0":
  version: 5.0.0
  resolution: "find-up@npm:5.0.0"
  dependencies:
    locate-path: "npm:^6.0.0"
    path-exists: "npm:^4.0.0"
  checksum: 10c0/062c5a83a9c02f53cdd6d175a37ecf8f87ea5bbff1fdfb828f04bfa021441bc7583e8ebc0872a4c1baab96221fb8a8a275a19809fb93fbc40bd69ec35634069a
  languageName: node
  linkType: hard

"foreground-child@npm:^3.1.0, foreground-child@npm:^3.1.1":
  version: 3.3.0
  resolution: "foreground-child@npm:3.3.0"
  dependencies:
    cross-spawn: "npm:^7.0.0"
    signal-exit: "npm:^4.0.1"
  checksum: 10c0/028f1d41000553fcfa6c4bb5c372963bf3d9bf0b1f25a87d1a6253014343fb69dfb1b42d9625d7cf44c8ba429940f3d0ff718b62105d4d4a4f6ef8ca0a53faa2
  languageName: node
  linkType: hard

"fs-extra@npm:^10.0.0":
  version: 10.1.0
  resolution: "fs-extra@npm:10.1.0"
  dependencies:
    graceful-fs: "npm:^4.2.0"
    jsonfile: "npm:^6.0.1"
    universalify: "npm:^2.0.0"
  checksum: 10c0/5f579466e7109719d162a9249abbeffe7f426eb133ea486e020b89bc6d67a741134076bf439983f2eb79276ceaf6bd7b7c1e43c3fd67fe889863e69072fb0a5e
  languageName: node
  linkType: hard

"get-caller-file@npm:^2.0.5":
  version: 2.0.5
  resolution: "get-caller-file@npm:2.0.5"
  checksum: 10c0/c6c7b60271931fa752aeb92f2b47e355eac1af3a2673f47c9589e8f8a41adc74d45551c1bc57b5e66a80609f10ffb72b6f575e4370d61cc3f7f3aaff01757cde
  languageName: node
  linkType: hard

"glob@npm:^10.4.1":
  version: 10.4.5
  resolution: "glob@npm:10.4.5"
  dependencies:
    foreground-child: "npm:^3.1.0"
    jackspeak: "npm:^3.1.2"
    minimatch: "npm:^9.0.4"
    minipass: "npm:^7.1.2"
    package-json-from-dist: "npm:^1.0.0"
    path-scurry: "npm:^1.11.1"
  bin:
    glob: dist/esm/bin.mjs
  checksum: 10c0/19a9759ea77b8e3ca0a43c2f07ecddc2ad46216b786bb8f993c445aee80d345925a21e5280c7b7c6c59e860a0154b84e4b2b60321fea92cd3c56b4a7489f160e
  languageName: node
  linkType: hard

"graceful-fs@npm:^4.1.6, graceful-fs@npm:^4.2.0":
  version: 4.2.10
  resolution: "graceful-fs@npm:4.2.10"
  checksum: 10c0/4223a833e38e1d0d2aea630c2433cfb94ddc07dfc11d511dbd6be1d16688c5be848acc31f9a5d0d0ddbfb56d2ee5a6ae0278aceeb0ca6a13f27e06b9956fb952
  languageName: node
  linkType: hard

"has-flag@npm:^4.0.0":
  version: 4.0.0
  resolution: "has-flag@npm:4.0.0"
  checksum: 10c0/2e789c61b7888d66993e14e8331449e525ef42aac53c627cc53d1c3334e768bcb6abdc4f5f0de1478a25beec6f0bd62c7549058b7ac53e924040d4f301f02fd1
  languageName: node
  linkType: hard

"html-escaper@npm:^2.0.0":
  version: 2.0.2
  resolution: "html-escaper@npm:2.0.2"
  checksum: 10c0/208e8a12de1a6569edbb14544f4567e6ce8ecc30b9394fcaa4e7bb1e60c12a7c9a1ed27e31290817157e8626f3a4f29e76c8747030822eb84a6abb15c255f0a0
  languageName: node
  linkType: hard

"is-fullwidth-code-point@npm:^3.0.0":
  version: 3.0.0
  resolution: "is-fullwidth-code-point@npm:3.0.0"
  checksum: 10c0/bb11d825e049f38e04c06373a8d72782eee0205bda9d908cc550ccb3c59b99d750ff9537982e01733c1c94a58e35400661f57042158ff5e8f3e90cf936daf0fc
  languageName: node
  linkType: hard

"isexe@npm:^2.0.0":
  version: 2.0.0
  resolution: "isexe@npm:2.0.0"
  checksum: 10c0/228cfa503fadc2c31596ab06ed6aa82c9976eec2bfd83397e7eaf06d0ccf42cd1dfd6743bf9aeb01aebd4156d009994c5f76ea898d2832c1fe342da923ca457d
  languageName: node
  linkType: hard

"istanbul-lib-coverage@npm:^3.0.0, istanbul-lib-coverage@npm:^3.2.0":
  version: 3.2.0
  resolution: "istanbul-lib-coverage@npm:3.2.0"
  checksum: 10c0/10ecb00a50cac2f506af8231ce523ffa1ac1310db0435c8ffaabb50c1d72539906583aa13c84f8835dc103998b9989edc3c1de989d2e2a96a91a9ba44e5db6b9
  languageName: node
  linkType: hard

"istanbul-lib-report@npm:^3.0.0, istanbul-lib-report@npm:^3.0.1":
  version: 3.0.1
  resolution: "istanbul-lib-report@npm:3.0.1"
  dependencies:
    istanbul-lib-coverage: "npm:^3.0.0"
    make-dir: "npm:^4.0.0"
    supports-color: "npm:^7.1.0"
  checksum: 10c0/84323afb14392de8b6a5714bd7e9af845cfbd56cfe71ed276cda2f5f1201aea673c7111901227ee33e68e4364e288d73861eb2ed48f6679d1e69a43b6d9b3ba7
  languageName: node
  linkType: hard

"istanbul-reports@npm:^3.1.6":
  version: 3.1.7
  resolution: "istanbul-reports@npm:3.1.7"
  dependencies:
    html-escaper: "npm:^2.0.0"
    istanbul-lib-report: "npm:^3.0.0"
  checksum: 10c0/a379fadf9cf8dc5dfe25568115721d4a7eb82fbd50b005a6672aff9c6989b20cc9312d7865814e0859cd8df58cbf664482e1d3604be0afde1f7fc3ccc1394a51
  languageName: node
  linkType: hard

"jackspeak@npm:^3.1.2":
  version: 3.4.3
  resolution: "jackspeak@npm:3.4.3"
  dependencies:
    "@isaacs/cliui": "npm:^8.0.2"
    "@pkgjs/parseargs": "npm:^0.11.0"
  dependenciesMeta:
    "@pkgjs/parseargs":
      optional: true
  checksum: 10c0/6acc10d139eaefdbe04d2f679e6191b3abf073f111edf10b1de5302c97ec93fffeb2fdd8681ed17f16268aa9dd4f8c588ed9d1d3bffbbfa6e8bf897cbb3149b9
  languageName: node
  linkType: hard

"json2csv@npm:^5.0.6":
  version: 5.0.7
  resolution: "json2csv@npm:5.0.7"
  dependencies:
    commander: "npm:^6.1.0"
    jsonparse: "npm:^1.3.1"
    lodash.get: "npm:^4.4.2"
  bin:
    json2csv: bin/json2csv.js
  checksum: 10c0/4a4240c2f39ce89ff8c51296cee710ca1a0f487cc5a5ab4035a590f03fe19aa9f0883f2ea8ce68515c30d1f1e733ed594fde8a50b29a19893bdcfe2796f83689
  languageName: node
  linkType: hard

"jsonfile@npm:^6.0.1":
  version: 6.1.0
  resolution: "jsonfile@npm:6.1.0"
  dependencies:
    graceful-fs: "npm:^4.1.6"
    universalify: "npm:^2.0.0"
  dependenciesMeta:
    graceful-fs:
      optional: true
  checksum: 10c0/4f95b5e8a5622b1e9e8f33c96b7ef3158122f595998114d1e7f03985649ea99cb3cd99ce1ed1831ae94c8c8543ab45ebd044207612f31a56fd08462140e46865
  languageName: node
  linkType: hard

"jsonparse@npm:^1.3.1":
  version: 1.3.1
  resolution: "jsonparse@npm:1.3.1"
  checksum: 10c0/89bc68080cd0a0e276d4b5ab1b79cacd68f562467008d176dc23e16e97d4efec9e21741d92ba5087a8433526a45a7e6a9d5ef25408696c402ca1cfbc01a90bf0
  languageName: node
  linkType: hard

"kleur@npm:^4.1.4":
  version: 4.1.5
  resolution: "kleur@npm:4.1.5"
  checksum: 10c0/e9de6cb49657b6fa70ba2d1448fd3d691a5c4370d8f7bbf1c2f64c24d461270f2117e1b0afe8cb3114f13bbd8e51de158c2a224953960331904e636a5e4c0f2a
  languageName: node
  linkType: hard

"locate-path@npm:^6.0.0":
  version: 6.0.0
  resolution: "locate-path@npm:6.0.0"
  dependencies:
    p-locate: "npm:^5.0.0"
  checksum: 10c0/d3972ab70dfe58ce620e64265f90162d247e87159b6126b01314dd67be43d50e96a50b517bce2d9452a79409c7614054c277b5232377de50416564a77ac7aad3
  languageName: node
  linkType: hard

"lodash.get@npm:^4.4.2":
  version: 4.4.2
  resolution: "lodash.get@npm:4.4.2"
  checksum: 10c0/48f40d471a1654397ed41685495acb31498d5ed696185ac8973daef424a749ca0c7871bf7b665d5c14f5cc479394479e0307e781f61d5573831769593411be6e
  languageName: node
  linkType: hard

"lodash@npm:^4.17.4":
  version: 4.17.21
  resolution: "lodash@npm:4.17.21"
  checksum: 10c0/d8cbea072bb08655bb4c989da418994b073a608dffa608b09ac04b43a791b12aeae7cd7ad919aa4c925f33b48490b5cfe6c1f71d827956071dae2e7bb3a6b74c
  languageName: node
  linkType: hard

"log-update@npm:^4.0.0":
  version: 4.0.0
  resolution: "log-update@npm:4.0.0"
  dependencies:
    ansi-escapes: "npm:^4.3.0"
    cli-cursor: "npm:^3.1.0"
    slice-ansi: "npm:^4.0.0"
    wrap-ansi: "npm:^6.2.0"
  checksum: 10c0/18b299e230432a156f2535660776406d15ba8bb7817dd3eaadd58004b363756d4ecaabcd658f9949f90b62ea7d3354423be3fdeb7a201ab951ec0e8d6139af86
  languageName: node
  linkType: hard

"lru-cache@npm:^10.2.0":
  version: 10.4.3
  resolution: "lru-cache@npm:10.4.3"
  checksum: 10c0/ebd04fbca961e6c1d6c0af3799adcc966a1babe798f685bb84e6599266599cd95d94630b10262f5424539bc4640107e8a33aa28585374abf561d30d16f4b39fb
  languageName: node
  linkType: hard

"make-dir@npm:^4.0.0":
  version: 4.0.0
  resolution: "make-dir@npm:4.0.0"
  dependencies:
    semver: "npm:^7.5.3"
  checksum: 10c0/69b98a6c0b8e5c4fe9acb61608a9fbcfca1756d910f51e5dbe7a9e5cfb74fca9b8a0c8a0ffdf1294a740826c1ab4871d5bf3f62f72a3049e5eac6541ddffed68
  languageName: node
  linkType: hard

"make-error@npm:^1.1.1":
  version: 1.3.6
  resolution: "make-error@npm:1.3.6"
  checksum: 10c0/171e458d86854c6b3fc46610cfacf0b45149ba043782558c6875d9f42f222124384ad0b468c92e996d815a8a2003817a710c0a160e49c1c394626f76fa45396f
  languageName: node
  linkType: hard

"mimic-fn@npm:^2.1.0":
  version: 2.1.0
  resolution: "mimic-fn@npm:2.1.0"
  checksum: 10c0/b26f5479d7ec6cc2bce275a08f146cf78f5e7b661b18114e2506dd91ec7ec47e7a25bf4360e5438094db0560bcc868079fb3b1fb3892b833c1ecbf63f80c95a4
  languageName: node
  linkType: hard

"minimatch@npm:^9.0.4":
  version: 9.0.5
  resolution: "minimatch@npm:9.0.5"
  dependencies:
    brace-expansion: "npm:^2.0.1"
  checksum: 10c0/de96cf5e35bdf0eab3e2c853522f98ffbe9a36c37797778d2665231ec1f20a9447a7e567cb640901f89e4daaa95ae5d70c65a9e8aa2bb0019b6facbc3c0575ed
  languageName: node
  linkType: hard

"minipass@npm:^5.0.0 || ^6.0.2 || ^7.0.0, minipass@npm:^7.1.2":
  version: 7.1.2
  resolution: "minipass@npm:7.1.2"
  checksum: 10c0/b0fd20bb9fb56e5fa9a8bfac539e8915ae07430a619e4b86ff71f5fc757ef3924b23b2c4230393af1eda647ed3d75739e4e0acb250a6b1eb277cf7f8fe449557
  languageName: node
  linkType: hard

"onetime@npm:^5.1.0":
  version: 5.1.2
  resolution: "onetime@npm:5.1.2"
  dependencies:
    mimic-fn: "npm:^2.1.0"
  checksum: 10c0/ffcef6fbb2692c3c40749f31ea2e22677a876daea92959b8a80b521d95cca7a668c884d8b2045d1d8ee7d56796aa405c405462af112a1477594cc63531baeb8f
  languageName: node
  linkType: hard

"p-limit@npm:^3.0.2":
  version: 3.1.0
  resolution: "p-limit@npm:3.1.0"
  dependencies:
    yocto-queue: "npm:^0.1.0"
  checksum: 10c0/9db675949dbdc9c3763c89e748d0ef8bdad0afbb24d49ceaf4c46c02c77d30db4e0652ed36d0a0a7a95154335fab810d95c86153105bb73b3a90448e2bb14e1a
  languageName: node
  linkType: hard

"p-locate@npm:^5.0.0":
  version: 5.0.0
  resolution: "p-locate@npm:5.0.0"
  dependencies:
    p-limit: "npm:^3.0.2"
  checksum: 10c0/2290d627ab7903b8b70d11d384fee714b797f6040d9278932754a6860845c4d3190603a0772a663c8cb5a7b21d1b16acb3a6487ebcafa9773094edc3dfe6009a
  languageName: node
  linkType: hard

"package-json-from-dist@npm:^1.0.0":
  version: 1.0.1
  resolution: "package-json-from-dist@npm:1.0.1"
  checksum: 10c0/62ba2785eb655fec084a257af34dbe24292ab74516d6aecef97ef72d4897310bc6898f6c85b5cd22770eaa1ce60d55a0230e150fb6a966e3ecd6c511e23d164b
  languageName: node
  linkType: hard

"path-exists@npm:^4.0.0":
  version: 4.0.0
  resolution: "path-exists@npm:4.0.0"
  checksum: 10c0/8c0bd3f5238188197dc78dced15207a4716c51cc4e3624c44fc97acf69558f5ebb9a2afff486fe1b4ee148e0c133e96c5e11a9aa5c48a3006e3467da070e5e1b
  languageName: node
  linkType: hard

"path-key@npm:^3.1.0":
  version: 3.1.1
  resolution: "path-key@npm:3.1.1"
  checksum: 10c0/748c43efd5a569c039d7a00a03b58eecd1d75f3999f5a28303d75f521288df4823bc057d8784eb72358b2895a05f29a070bc9f1f17d28226cc4e62494cc58c4c
  languageName: node
  linkType: hard

"path-scurry@npm:^1.11.1":
  version: 1.11.1
  resolution: "path-scurry@npm:1.11.1"
  dependencies:
    lru-cache: "npm:^10.2.0"
    minipass: "npm:^5.0.0 || ^6.0.2 || ^7.0.0"
  checksum: 10c0/32a13711a2a505616ae1cc1b5076801e453e7aae6ac40ab55b388bb91b9d0547a52f5aaceff710ea400205f18691120d4431e520afbe4266b836fadede15872d
  languageName: node
  linkType: hard

"platform@npm:^1.3.3":
  version: 1.3.6
  resolution: "platform@npm:1.3.6"
  checksum: 10c0/69f2eb692e15f1a343dd0d9347babd9ca933824c8673096be746ff66f99f2bdc909fadd8609076132e6ec768349080babb7362299f2a7f885b98f1254ae6224b
  languageName: node
  linkType: hard

"plural-expressions@workspace:packages/plural-expression":
  version: 0.0.0-use.local
  resolution: "plural-expressions@workspace:packages/plural-expression"
  dependencies:
    "@tannin/plural-forms": "npm:^1.1.0"
    "@types/node": "npm:^22.13.10"
    benny: "npm:^3.7.1"
    c8: "npm:^10.1.3"
    ts-node: "npm:^10.9.2"
    typescript: "npm:^5.8.2"
  languageName: unknown
  linkType: soft

"pojo-tree@workspace:packages/pojo-tree":
  version: 0.0.0-use.local
  resolution: "pojo-tree@workspace:packages/pojo-tree"
  dependencies:
    "@types/node": "npm:^22.13.10"
    c8: "npm:^10.1.3"
    ts-node: "npm:^10.9.2"
    typescript: "npm:^5.8.2"
  languageName: unknown
  linkType: soft

"require-directory@npm:^2.1.1":
  version: 2.1.1
  resolution: "require-directory@npm:2.1.1"
  checksum: 10c0/83aa76a7bc1531f68d92c75a2ca2f54f1b01463cb566cf3fbc787d0de8be30c9dbc211d1d46be3497dac5785fe296f2dd11d531945ac29730643357978966e99
  languageName: node
  linkType: hard

"restore-cursor@npm:^3.1.0":
  version: 3.1.0
  resolution: "restore-cursor@npm:3.1.0"
  dependencies:
    onetime: "npm:^5.1.0"
    signal-exit: "npm:^3.0.2"
  checksum: 10c0/8051a371d6aa67ff21625fa94e2357bd81ffdc96267f3fb0fc4aaf4534028343836548ef34c240ffa8c25b280ca35eb36be00b3cb2133fa4f51896d7e73c6b4f
  languageName: node
  linkType: hard

"safe-buffer@npm:~5.1.1":
  version: 5.1.2
  resolution: "safe-buffer@npm:5.1.2"
  checksum: 10c0/780ba6b5d99cc9a40f7b951d47152297d0e260f0df01472a1b99d4889679a4b94a13d644f7dbc4f022572f09ae9005fa2fbb93bbbd83643316f365a3e9a45b21
  languageName: node
  linkType: hard

"semver@npm:^7.5.3":
  version: 7.7.1
  resolution: "semver@npm:7.7.1"
  bin:
    semver: bin/semver.js
  checksum: 10c0/fd603a6fb9c399c6054015433051bdbe7b99a940a8fb44b85c2b524c4004b023d7928d47cb22154f8d054ea7ee8597f586605e05b52047f048278e4ac56ae958
  languageName: node
  linkType: hard

"shebang-command@npm:^2.0.0":
  version: 2.0.0
  resolution: "shebang-command@npm:2.0.0"
  dependencies:
    shebang-regex: "npm:^3.0.0"
  checksum: 10c0/a41692e7d89a553ef21d324a5cceb5f686d1f3c040759c50aab69688634688c5c327f26f3ecf7001ebfd78c01f3c7c0a11a7c8bfd0a8bc9f6240d4f40b224e4e
  languageName: node
  linkType: hard

"shebang-regex@npm:^3.0.0":
  version: 3.0.0
  resolution: "shebang-regex@npm:3.0.0"
  checksum: 10c0/1dbed0726dd0e1152a92696c76c7f06084eb32a90f0528d11acd764043aacf76994b2fb30aa1291a21bd019d6699164d048286309a278855ee7bec06cf6fb690
  languageName: node
  linkType: hard

"signal-exit@npm:^3.0.2":
  version: 3.0.7
  resolution: "signal-exit@npm:3.0.7"
  checksum: 10c0/25d272fa73e146048565e08f3309d5b942c1979a6f4a58a8c59d5fa299728e9c2fcd1a759ec870863b1fd38653670240cd420dad2ad9330c71f36608a6a1c912
  languageName: node
  linkType: hard

"signal-exit@npm:^4.0.1":
  version: 4.1.0
  resolution: "signal-exit@npm:4.1.0"
  checksum: 10c0/41602dce540e46d599edba9d9860193398d135f7ff72cab629db5171516cfae628d21e7bfccde1bbfdf11c48726bc2a6d1a8fb8701125852fbfda7cf19c6aa83
  languageName: node
  linkType: hard

"slice-ansi@npm:^4.0.0":
  version: 4.0.0
  resolution: "slice-ansi@npm:4.0.0"
  dependencies:
    ansi-styles: "npm:^4.0.0"
    astral-regex: "npm:^2.0.0"
    is-fullwidth-code-point: "npm:^3.0.0"
  checksum: 10c0/6c25678db1270d4793e0327620f1e0f9f5bea4630123f51e9e399191bc52c87d6e6de53ed33538609e5eacbd1fab769fae00f3705d08d029f02102a540648918
  languageName: node
  linkType: hard

"string-width-cjs@npm:string-width@^4.2.0, string-width@npm:^4.1.0, string-width@npm:^4.2.0, string-width@npm:^4.2.3":
  version: 4.2.3
  resolution: "string-width@npm:4.2.3"
  dependencies:
    emoji-regex: "npm:^8.0.0"
    is-fullwidth-code-point: "npm:^3.0.0"
    strip-ansi: "npm:^6.0.1"
  checksum: 10c0/1e525e92e5eae0afd7454086eed9c818ee84374bb80328fc41217ae72ff5f065ef1c9d7f72da41de40c75fa8bb3dee63d92373fd492c84260a552c636392a47b
  languageName: node
  linkType: hard

"string-width@npm:^5.0.1, string-width@npm:^5.1.2":
  version: 5.1.2
  resolution: "string-width@npm:5.1.2"
  dependencies:
    eastasianwidth: "npm:^0.2.0"
    emoji-regex: "npm:^9.2.2"
    strip-ansi: "npm:^7.0.1"
  checksum: 10c0/ab9c4264443d35b8b923cbdd513a089a60de339216d3b0ed3be3ba57d6880e1a192b70ae17225f764d7adbf5994e9bb8df253a944736c15a0240eff553c678ca
  languageName: node
  linkType: hard

"strip-ansi-cjs@npm:strip-ansi@^6.0.1, strip-ansi@npm:^6.0.0, strip-ansi@npm:^6.0.1":
  version: 6.0.1
  resolution: "strip-ansi@npm:6.0.1"
  dependencies:
    ansi-regex: "npm:^5.0.1"
  checksum: 10c0/1ae5f212a126fe5b167707f716942490e3933085a5ff6c008ab97ab2f272c8025d3aa218b7bd6ab25729ca20cc81cddb252102f8751e13482a5199e873680952
  languageName: node
  linkType: hard

"strip-ansi@npm:^7.0.1":
  version: 7.1.0
  resolution: "strip-ansi@npm:7.1.0"
  dependencies:
    ansi-regex: "npm:^6.0.1"
  checksum: 10c0/a198c3762e8832505328cbf9e8c8381de14a4fa50a4f9b2160138158ea88c0f5549fb50cb13c651c3088f47e63a108b34622ec18c0499b6c8c3a5ddf6b305ac4
  languageName: node
  linkType: hard

"subdollar@workspace:packages/subdollar":
  version: 0.0.0-use.local
  resolution: "subdollar@workspace:packages/subdollar"
  dependencies:
    "@types/node": "npm:^22.13.10"
    c8: "npm:^10.1.3"
    ts-node: "npm:^10.9.2"
    typescript: "npm:^5.8.2"
  languageName: unknown
  linkType: soft

"supports-color@npm:^7.1.0":
  version: 7.2.0
  resolution: "supports-color@npm:7.2.0"
  dependencies:
    has-flag: "npm:^4.0.0"
  checksum: 10c0/afb4c88521b8b136b5f5f95160c98dee7243dc79d5432db7efc27efb219385bbc7d9427398e43dd6cc730a0f87d5085ce1652af7efbe391327bc0a7d0f7fc124
  languageName: node
  linkType: hard

"test-exclude@npm:^7.0.1":
  version: 7.0.1
  resolution: "test-exclude@npm:7.0.1"
  dependencies:
    "@istanbuljs/schema": "npm:^0.1.2"
    glob: "npm:^10.4.1"
    minimatch: "npm:^9.0.4"
  checksum: 10c0/6d67b9af4336a2e12b26a68c83308c7863534c65f27ed4ff7068a56f5a58f7ac703e8fc80f698a19bb154fd8f705cdf7ec347d9512b2c522c737269507e7b263
  languageName: node
  linkType: hard

"ts-node@npm:^10.9.2":
  version: 10.9.2
  resolution: "ts-node@npm:10.9.2"
  dependencies:
    "@cspotcode/source-map-support": "npm:^0.8.0"
    "@tsconfig/node10": "npm:^1.0.7"
    "@tsconfig/node12": "npm:^1.0.7"
    "@tsconfig/node14": "npm:^1.0.0"
    "@tsconfig/node16": "npm:^1.0.2"
    acorn: "npm:^8.4.1"
    acorn-walk: "npm:^8.1.1"
    arg: "npm:^4.1.0"
    create-require: "npm:^1.1.0"
    diff: "npm:^4.0.1"
    make-error: "npm:^1.1.1"
    v8-compile-cache-lib: "npm:^3.0.1"
    yn: "npm:3.1.1"
  peerDependencies:
    "@swc/core": ">=1.2.50"
    "@swc/wasm": ">=1.2.50"
    "@types/node": "*"
    typescript: ">=2.7"
  peerDependenciesMeta:
    "@swc/core":
      optional: true
    "@swc/wasm":
      optional: true
  bin:
    ts-node: dist/bin.js
    ts-node-cwd: dist/bin-cwd.js
    ts-node-esm: dist/bin-esm.js
    ts-node-script: dist/bin-script.js
    ts-node-transpile-only: dist/bin-transpile.js
    ts-script: dist/bin-script-deprecated.js
  checksum: 10c0/5f29938489f96982a25ba650b64218e83a3357d76f7bede80195c65ab44ad279c8357264639b7abdd5d7e75fc269a83daa0e9c62fd8637a3def67254ecc9ddc2
  languageName: node
  linkType: hard

"type-fest@npm:^0.21.3":
  version: 0.21.3
  resolution: "type-fest@npm:0.21.3"
  checksum: 10c0/902bd57bfa30d51d4779b641c2bc403cdf1371fb9c91d3c058b0133694fcfdb817aef07a47f40faf79039eecbaa39ee9d3c532deff244f3a19ce68cea71a61e8
  languageName: node
  linkType: hard

"typescript@npm:^5.8.2":
  version: 5.8.2
  resolution: "typescript@npm:5.8.2"
  bin:
    tsc: bin/tsc
    tsserver: bin/tsserver
  checksum: 10c0/5c4f6fbf1c6389b6928fe7b8fcd5dc73bb2d58cd4e3883f1d774ed5bd83b151cbac6b7ecf11723de56d4676daeba8713894b1e9af56174f2f9780ae7848ec3c6
  languageName: node
  linkType: hard

"typescript@patch:typescript@npm%3A^5.8.2#optional!builtin<compat/typescript>":
  version: 5.8.2
  resolution: "typescript@patch:typescript@npm%3A5.8.2#optional!builtin<compat/typescript>::version=5.8.2&hash=5786d5"
  bin:
    tsc: bin/tsc
    tsserver: bin/tsserver
  checksum: 10c0/5448a08e595cc558ab321e49d4cac64fb43d1fa106584f6ff9a8d8e592111b373a995a1d5c7f3046211c8a37201eb6d0f1566f15cdb7a62a5e3be01d087848e2
  languageName: node
  linkType: hard

"undici-types@npm:~6.20.0":
  version: 6.20.0
  resolution: "undici-types@npm:6.20.0"
  checksum: 10c0/68e659a98898d6a836a9a59e6adf14a5d799707f5ea629433e025ac90d239f75e408e2e5ff086afc3cace26f8b26ee52155293564593fbb4a2f666af57fc59bf
  languageName: node
  linkType: hard

"universalify@npm:^2.0.0":
  version: 2.0.0
  resolution: "universalify@npm:2.0.0"
  checksum: 10c0/07092b9f46df61b823d8ab5e57f0ee5120c178b39609a95e4a15a98c42f6b0b8e834e66fbb47ff92831786193be42f1fd36347169b88ce8639d0f9670af24a71
  languageName: node
  linkType: hard

"v8-compile-cache-lib@npm:^3.0.1":
  version: 3.0.1
  resolution: "v8-compile-cache-lib@npm:3.0.1"
  checksum: 10c0/bdc36fb8095d3b41df197f5fb6f11e3a26adf4059df3213e3baa93810d8f0cc76f9a74aaefc18b73e91fe7e19154ed6f134eda6fded2e0f1c8d2272ed2d2d391
  languageName: node
  linkType: hard

"v8-to-istanbul@npm:^9.0.0":
  version: 9.0.1
  resolution: "v8-to-istanbul@npm:9.0.1"
  dependencies:
    "@jridgewell/trace-mapping": "npm:^0.3.12"
    "@types/istanbul-lib-coverage": "npm:^2.0.1"
    convert-source-map: "npm:^1.6.0"
  checksum: 10c0/aaa6491ee0505010a818a98bd7abdb30c0136a93eac12106b836e1afb519759ea4da795cceaf7fe871d26ed6cb669e46fd48533d6f8107a23213d723a028f805
  languageName: node
  linkType: hard

"which@npm:^2.0.1":
  version: 2.0.2
  resolution: "which@npm:2.0.2"
  dependencies:
    isexe: "npm:^2.0.0"
  bin:
    node-which: ./bin/node-which
  checksum: 10c0/66522872a768b60c2a65a57e8ad184e5372f5b6a9ca6d5f033d4b0dc98aff63995655a7503b9c0a2598936f532120e81dd8cc155e2e92ed662a2b9377cc4374f
  languageName: node
  linkType: hard

"wrap-ansi-cjs@npm:wrap-ansi@^7.0.0, wrap-ansi@npm:^7.0.0":
  version: 7.0.0
  resolution: "wrap-ansi@npm:7.0.0"
  dependencies:
    ansi-styles: "npm:^4.0.0"
    string-width: "npm:^4.1.0"
    strip-ansi: "npm:^6.0.0"
  checksum: 10c0/d15fc12c11e4cbc4044a552129ebc75ee3f57aa9c1958373a4db0292d72282f54373b536103987a4a7594db1ef6a4f10acf92978f79b98c49306a4b58c77d4da
  languageName: node
  linkType: hard

"wrap-ansi@npm:^6.2.0":
  version: 6.2.0
  resolution: "wrap-ansi@npm:6.2.0"
  dependencies:
    ansi-styles: "npm:^4.0.0"
    string-width: "npm:^4.1.0"
    strip-ansi: "npm:^6.0.0"
  checksum: 10c0/baad244e6e33335ea24e86e51868fe6823626e3a3c88d9a6674642afff1d34d9a154c917e74af8d845fd25d170c4ea9cf69a47133c3f3656e1252b3d462d9f6c
  languageName: node
  linkType: hard

"wrap-ansi@npm:^8.1.0":
  version: 8.1.0
  resolution: "wrap-ansi@npm:8.1.0"
  dependencies:
    ansi-styles: "npm:^6.1.0"
    string-width: "npm:^5.0.1"
    strip-ansi: "npm:^7.0.1"
  checksum: 10c0/138ff58a41d2f877eae87e3282c0630fc2789012fc1af4d6bd626eeb9a2f9a65ca92005e6e69a75c7b85a68479fe7443c7dbe1eb8fbaa681a4491364b7c55c60
  languageName: node
  linkType: hard

"y18n@npm:^5.0.5":
  version: 5.0.8
  resolution: "y18n@npm:5.0.8"
  checksum: 10c0/4df2842c36e468590c3691c894bc9cdbac41f520566e76e24f59401ba7d8b4811eb1e34524d57e54bc6d864bcb66baab7ffd9ca42bf1eda596618f9162b91249
  languageName: node
  linkType: hard

"yargs-parser@npm:^21.1.1":
  version: 21.1.1
  resolution: "yargs-parser@npm:21.1.1"
  checksum: 10c0/f84b5e48169479d2f402239c59f084cfd1c3acc197a05c59b98bab067452e6b3ea46d4dd8ba2985ba7b3d32a343d77df0debd6b343e5dae3da2aab2cdf5886b2
  languageName: node
  linkType: hard

"yargs@npm:^17.7.2":
  version: 17.7.2
  resolution: "yargs@npm:17.7.2"
  dependencies:
    cliui: "npm:^8.0.1"
    escalade: "npm:^3.1.1"
    get-caller-file: "npm:^2.0.5"
    require-directory: "npm:^2.1.1"
    string-width: "npm:^4.2.3"
    y18n: "npm:^5.0.5"
    yargs-parser: "npm:^21.1.1"
  checksum: 10c0/ccd7e723e61ad5965fffbb791366db689572b80cca80e0f96aad968dfff4156cd7cd1ad18607afe1046d8241e6fb2d6c08bf7fa7bfb5eaec818735d8feac8f05
  languageName: node
  linkType: hard

"yn@npm:3.1.1":
  version: 3.1.1
  resolution: "yn@npm:3.1.1"
  checksum: 10c0/0732468dd7622ed8a274f640f191f3eaf1f39d5349a1b72836df484998d7d9807fbea094e2f5486d6b0cd2414aad5775972df0e68f8604db89a239f0f4bf7443
  languageName: node
  linkType: hard

"yocto-queue@npm:^0.1.0":
  version: 0.1.0
  resolution: "yocto-queue@npm:0.1.0"
  checksum: 10c0/dceb44c28578b31641e13695d200d34ec4ab3966a5729814d5445b194933c096b7ced71494ce53a0e8820685d1d010df8b2422e5bf2cdea7e469d97ffbea306f
  languageName: node
  linkType: hard
